// !$*UTF8*$!
{
	archiveVersion = 1;
	classes = {
	};
	objectVersion = 51;
	objects = {

/* Begin PBXBuildFile section */
		B603C70E265D843100B5B715 /* NetworkManager.swift in Sources */ = {isa = PBXBuildFile; fileRef = B603C70D265D843100B5B715 /* NetworkManager.swift */; };
		B603C711265D847D00B5B715 /* Constant.swift in Sources */ = {isa = PBXBuildFile; fileRef = B603C710265D847D00B5B715 /* Constant.swift */; };
		B603C713265DA62700B5B715 /* PhotoModel.swift in Sources */ = {isa = PBXBuildFile; fileRef = B603C712265DA62700B5B715 /* PhotoModel.swift */; };
		B606FA242661461300398724 /* NetworkManagerAF.swift in Sources */ = {isa = PBXBuildFile; fileRef = B606FA232661461300398724 /* NetworkManagerAF.swift */; };
		B64D1699266559B000B08D5A /* DetailedPresenter.swift in Sources */ = {isa = PBXBuildFile; fileRef = B64D1698266559B000B08D5A /* DetailedPresenter.swift */; };
		B64D169D266559F200B08D5A /* DetailedVC.swift in Sources */ = {isa = PBXBuildFile; fileRef = B64D169C266559F200B08D5A /* DetailedVC.swift */; };
		B68A1570265DFA5C00A80FBF /* TableViewCell.swift in Sources */ = {isa = PBXBuildFile; fileRef = B68A156F265DFA5C00A80FBF /* TableViewCell.swift */; };
		B68A1572265E052C00A80FBF /* Main.storyboard in Resources */ = {isa = PBXBuildFile; fileRef = B6E70328265D0F6C00BD2D68 /* Main.storyboard */; };
		B692C9B32662AE710069B1D8 /* CollectionViewCell.swift in Sources */ = {isa = PBXBuildFile; fileRef = B692C9B22662AE710069B1D8 /* CollectionViewCell.swift */; };
		B6AB07F42664C2A500EA1E8B /* SearchCell.swift in Sources */ = {isa = PBXBuildFile; fileRef = B6AB07F32664C2A500EA1E8B /* SearchCell.swift */; };
		B6E70323265D0F6C00BD2D68 /* AppDelegate.swift in Sources */ = {isa = PBXBuildFile; fileRef = B6E70322265D0F6C00BD2D68 /* AppDelegate.swift */; };
		B6E70325265D0F6C00BD2D68 /* SceneDelegate.swift in Sources */ = {isa = PBXBuildFile; fileRef = B6E70324265D0F6C00BD2D68 /* SceneDelegate.swift */; };
		B6E70327265D0F6C00BD2D68 /* TableVC.swift in Sources */ = {isa = PBXBuildFile; fileRef = B6E70326265D0F6C00BD2D68 /* TableVC.swift */; };
		B6E7032C265D0F6D00BD2D68 /* Assets.xcassets in Resources */ = {isa = PBXBuildFile; fileRef = B6E7032B265D0F6D00BD2D68 /* Assets.xcassets */; };
		B6E7032F265D0F6D00BD2D68 /* LaunchScreen.storyboard in Resources */ = {isa = PBXBuildFile; fileRef = B6E7032D265D0F6D00BD2D68 /* LaunchScreen.storyboard */; };
		B6E70341265D242B00BD2D68 /* ModelBuilder.swift in Sources */ = {isa = PBXBuildFile; fileRef = B6E70340265D242B00BD2D68 /* ModelBuilder.swift */; };
		B6E70343265D249700BD2D68 /* TablePresenter.swift in Sources */ = {isa = PBXBuildFile; fileRef = B6E70342265D249700BD2D68 /* TablePresenter.swift */; };
		B6E70345265D43AF00BD2D68 /* CollectionVC.swift in Sources */ = {isa = PBXBuildFile; fileRef = B6E70344265D43AF00BD2D68 /* CollectionVC.swift */; };
		B6E70347265D43F900BD2D68 /* CollectionPresenter.swift in Sources */ = {isa = PBXBuildFile; fileRef = B6E70346265D43F900BD2D68 /* CollectionPresenter.swift */; };
		B6E70349265D440B00BD2D68 /* SearchVC.swift in Sources */ = {isa = PBXBuildFile; fileRef = B6E70348265D440B00BD2D68 /* SearchVC.swift */; };
		B6E7034B265D443400BD2D68 /* SearchPresenter.swift in Sources */ = {isa = PBXBuildFile; fileRef = B6E7034A265D443400BD2D68 /* SearchPresenter.swift */; };
		F192757E6F05FEDEA53A96C2 /* Pods_Flickr.framework in Frameworks */ = {isa = PBXBuildFile; fileRef = 4C39F356318F944DCBDC8B3D /* Pods_Flickr.framework */; };
/* End PBXBuildFile section */

/* Begin PBXFileReference section */
		4C39F356318F944DCBDC8B3D /* Pods_Flickr.framework */ = {isa = PBXFileReference; explicitFileType = wrapper.framework; includeInIndex = 0; path = Pods_Flickr.framework; sourceTree = BUILT_PRODUCTS_DIR; };
		609E952D04A1C0BB7B7C056C /* Pods-Flickr.release.xcconfig */ = {isa = PBXFileReference; includeInIndex = 1; lastKnownFileType = text.xcconfig; name = "Pods-Flickr.release.xcconfig"; path = "Target Support Files/Pods-Flickr/Pods-Flickr.release.xcconfig"; sourceTree = "<group>"; };
		B603C70D265D843100B5B715 /* NetworkManager.swift */ = {isa = PBXFileReference; lastKnownFileType = sourcecode.swift; path = NetworkManager.swift; sourceTree = "<group>"; };
		B603C710265D847D00B5B715 /* Constant.swift */ = {isa = PBXFileReference; lastKnownFileType = sourcecode.swift; path = Constant.swift; sourceTree = "<group>"; };
		B603C712265DA62700B5B715 /* PhotoModel.swift */ = {isa = PBXFileReference; lastKnownFileType = sourcecode.swift; path = PhotoModel.swift; sourceTree = "<group>"; };
		B606FA232661461300398724 /* NetworkManagerAF.swift */ = {isa = PBXFileReference; lastKnownFileType = sourcecode.swift; path = NetworkManagerAF.swift; sourceTree = "<group>"; };
		B64D1698266559B000B08D5A /* DetailedPresenter.swift */ = {isa = PBXFileReference; lastKnownFileType = sourcecode.swift; path = DetailedPresenter.swift; sourceTree = "<group>"; };
		B64D169C266559F200B08D5A /* DetailedVC.swift */ = {isa = PBXFileReference; lastKnownFileType = sourcecode.swift; path = DetailedVC.swift; sourceTree = "<group>"; };
		B68A156F265DFA5C00A80FBF /* TableViewCell.swift */ = {isa = PBXFileReference; lastKnownFileType = sourcecode.swift; path = TableViewCell.swift; sourceTree = "<group>"; };
		B692C9B22662AE710069B1D8 /* CollectionViewCell.swift */ = {isa = PBXFileReference; lastKnownFileType = sourcecode.swift; path = CollectionViewCell.swift; sourceTree = "<group>"; };
		B6AB07F32664C2A500EA1E8B /* SearchCell.swift */ = {isa = PBXFileReference; lastKnownFileType = sourcecode.swift; path = SearchCell.swift; sourceTree = "<group>"; };
		B6E7031F265D0F6C00BD2D68 /* Flickr.app */ = {isa = PBXFileReference; explicitFileType = wrapper.application; includeInIndex = 0; path = Flickr.app; sourceTree = BUILT_PRODUCTS_DIR; };
		B6E70322265D0F6C00BD2D68 /* AppDelegate.swift */ = {isa = PBXFileReference; lastKnownFileType = sourcecode.swift; path = AppDelegate.swift; sourceTree = "<group>"; };
		B6E70324265D0F6C00BD2D68 /* SceneDelegate.swift */ = {isa = PBXFileReference; lastKnownFileType = sourcecode.swift; path = SceneDelegate.swift; sourceTree = "<group>"; };
		B6E70326265D0F6C00BD2D68 /* TableVC.swift */ = {isa = PBXFileReference; lastKnownFileType = sourcecode.swift; path = TableVC.swift; sourceTree = "<group>"; };
		B6E70329265D0F6C00BD2D68 /* Base */ = {isa = PBXFileReference; lastKnownFileType = file.storyboard; name = Base; path = Base.lproj/Main.storyboard; sourceTree = "<group>"; };
		B6E7032B265D0F6D00BD2D68 /* Assets.xcassets */ = {isa = PBXFileReference; lastKnownFileType = folder.assetcatalog; path = Assets.xcassets; sourceTree = "<group>"; };
		B6E7032E265D0F6D00BD2D68 /* Base */ = {isa = PBXFileReference; lastKnownFileType = file.storyboard; name = Base; path = Base.lproj/LaunchScreen.storyboard; sourceTree = "<group>"; };
		B6E70330265D0F6D00BD2D68 /* Info.plist */ = {isa = PBXFileReference; lastKnownFileType = text.plist.xml; path = Info.plist; sourceTree = "<group>"; };
		B6E70340265D242B00BD2D68 /* ModelBuilder.swift */ = {isa = PBXFileReference; lastKnownFileType = sourcecode.swift; path = ModelBuilder.swift; sourceTree = "<group>"; };
		B6E70342265D249700BD2D68 /* TablePresenter.swift */ = {isa = PBXFileReference; lastKnownFileType = sourcecode.swift; path = TablePresenter.swift; sourceTree = "<group>"; };
		B6E70344265D43AF00BD2D68 /* CollectionVC.swift */ = {isa = PBXFileReference; lastKnownFileType = sourcecode.swift; path = CollectionVC.swift; sourceTree = "<group>"; };
		B6E70346265D43F900BD2D68 /* CollectionPresenter.swift */ = {isa = PBXFileReference; lastKnownFileType = sourcecode.swift; path = CollectionPresenter.swift; sourceTree = "<group>"; };
		B6E70348265D440B00BD2D68 /* SearchVC.swift */ = {isa = PBXFileReference; lastKnownFileType = sourcecode.swift; path = SearchVC.swift; sourceTree = "<group>"; };
		B6E7034A265D443400BD2D68 /* SearchPresenter.swift */ = {isa = PBXFileReference; lastKnownFileType = sourcecode.swift; path = SearchPresenter.swift; sourceTree = "<group>"; };
		DA09BFABAC41B9265416B8C6 /* Pods-Flickr.debug.xcconfig */ = {isa = PBXFileReference; includeInIndex = 1; lastKnownFileType = text.xcconfig; name = "Pods-Flickr.debug.xcconfig"; path = "Target Support Files/Pods-Flickr/Pods-Flickr.debug.xcconfig"; sourceTree = "<group>"; };
/* End PBXFileReference section */

/* Begin PBXFrameworksBuildPhase section */
		B6E7031C265D0F6B00BD2D68 /* Frameworks */ = {
			isa = PBXFrameworksBuildPhase;
			buildActionMask = 2147483647;
			files = (
				F192757E6F05FEDEA53A96C2 /* Pods_Flickr.framework in Frameworks */,
			);
			runOnlyForDeploymentPostprocessing = 0;
		};
/* End PBXFrameworksBuildPhase section */

/* Begin PBXGroup section */
		A9C9DA5E76192636476905F6 /* Pods */ = {
			isa = PBXGroup;
			children = (
				DA09BFABAC41B9265416B8C6 /* Pods-Flickr.debug.xcconfig */,
				609E952D04A1C0BB7B7C056C /* Pods-Flickr.release.xcconfig */,
			);
			path = Pods;
			sourceTree = "<group>";
		};
		B603C70F265D844400B5B715 /* Constant */ = {
			isa = PBXGroup;
			children = (
				B603C710265D847D00B5B715 /* Constant.swift */,
			);
			path = Constant;
			sourceTree = "<group>";
		};
		B64D16972665598200B08D5A /* DetailedVC */ = {
			isa = PBXGroup;
			children = (
				B64D169C266559F200B08D5A /* DetailedVC.swift */,
				B64D1698266559B000B08D5A /* DetailedPresenter.swift */,
			);
			path = DetailedVC;
			sourceTree = "<group>";
		};
		B68A156E265DFA4100A80FBF /* Cell */ = {
			isa = PBXGroup;
			children = (
				B68A156F265DFA5C00A80FBF /* TableViewCell.swift */,
			);
			path = Cell;
			sourceTree = "<group>";
		};
		B692C9B12662AE5A0069B1D8 /* Cell */ = {
			isa = PBXGroup;
			children = (
				B692C9B22662AE710069B1D8 /* CollectionViewCell.swift */,
			);
			path = Cell;
			sourceTree = "<group>";
		};
		B6AB07F02664C19400EA1E8B /* Cell */ = {
			isa = PBXGroup;
			children = (
				B6AB07F32664C2A500EA1E8B /* SearchCell.swift */,
			);
			path = Cell;
			sourceTree = "<group>";
		};
		B6E70316265D0F6B00BD2D68 = {
			isa = PBXGroup;
			children = (
				B6E70321265D0F6C00BD2D68 /* Flickr */,
				B6E70320265D0F6C00BD2D68 /* Products */,
				A9C9DA5E76192636476905F6 /* Pods */,
				C1BC77ADBC6299BA50FEC1D6 /* Frameworks */,
			);
			sourceTree = "<group>";
		};
		B6E70320265D0F6C00BD2D68 /* Products */ = {
			isa = PBXGroup;
			children = (
				B6E7031F265D0F6C00BD2D68 /* Flickr.app */,
			);
			name = Products;
			sourceTree = "<group>";
		};
		B6E70321265D0F6C00BD2D68 /* Flickr */ = {
			isa = PBXGroup;
			children = (
				B6E7033D265D12E500BD2D68 /* Model */,
				B6E70337265D0F9300BD2D68 /* View */,
				B6E70338265D0FE500BD2D68 /* Controllers */,
				B6E7033E265D157300BD2D68 /* Networking */,
				B603C70F265D844400B5B715 /* Constant */,
				B6E7033F265D1D2F00BD2D68 /* Builder */,
				B6E70336265D0F8000BD2D68 /* SupportingFiles */,
			);
			path = Flickr;
			sourceTree = "<group>";
		};
		B6E70336265D0F8000BD2D68 /* SupportingFiles */ = {
			isa = PBXGroup;
			children = (
				B6E70322265D0F6C00BD2D68 /* AppDelegate.swift */,
				B6E70324265D0F6C00BD2D68 /* SceneDelegate.swift */,
				B6E7032B265D0F6D00BD2D68 /* Assets.xcassets */,
				B6E70330265D0F6D00BD2D68 /* Info.plist */,
			);
			path = SupportingFiles;
			sourceTree = "<group>";
		};
		B6E70337265D0F9300BD2D68 /* View */ = {
			isa = PBXGroup;
			children = (
				B6E70328265D0F6C00BD2D68 /* Main.storyboard */,
				B6E7032D265D0F6D00BD2D68 /* LaunchScreen.storyboard */,
			);
			path = View;
			sourceTree = "<group>";
		};
		B6E70338265D0FE500BD2D68 /* Controllers */ = {
			isa = PBXGroup;
			children = (
				B6E7033B265D11EF00BD2D68 /* TableVC */,
				B6E7033A265D118E00BD2D68 /* CollectionVC */,
				B6E7033C265D11F800BD2D68 /* SearchVC */,
				B64D16972665598200B08D5A /* DetailedVC */,
			);
			path = Controllers;
			sourceTree = "<group>";
		};
		B6E7033A265D118E00BD2D68 /* CollectionVC */ = {
			isa = PBXGroup;
			children = (
				B6E70344265D43AF00BD2D68 /* CollectionVC.swift */,
				B6E70346265D43F900BD2D68 /* CollectionPresenter.swift */,
				B692C9B12662AE5A0069B1D8 /* Cell */,
			);
			path = CollectionVC;
			sourceTree = "<group>";
		};
		B6E7033B265D11EF00BD2D68 /* TableVC */ = {
			isa = PBXGroup;
			children = (
				B6E70326265D0F6C00BD2D68 /* TableVC.swift */,
				B6E70342265D249700BD2D68 /* TablePresenter.swift */,
				B68A156E265DFA4100A80FBF /* Cell */,
			);
			path = TableVC;
			sourceTree = "<group>";
		};
		B6E7033C265D11F800BD2D68 /* SearchVC */ = {
			isa = PBXGroup;
			children = (
				B6E70348265D440B00BD2D68 /* SearchVC.swift */,
				B6E7034A265D443400BD2D68 /* SearchPresenter.swift */,
				B6AB07F02664C19400EA1E8B /* Cell */,
			);
			path = SearchVC;
			sourceTree = "<group>";
		};
		B6E7033D265D12E500BD2D68 /* Model */ = {
			isa = PBXGroup;
			children = (
				B603C712265DA62700B5B715 /* PhotoModel.swift */,
			);
			path = Model;
			sourceTree = "<group>";
		};
		B6E7033E265D157300BD2D68 /* Networking */ = {
			isa = PBXGroup;
			children = (
				B603C70D265D843100B5B715 /* NetworkManager.swift */,
				B606FA232661461300398724 /* NetworkManagerAF.swift */,
			);
			path = Networking;
			sourceTree = "<group>";
		};
		B6E7033F265D1D2F00BD2D68 /* Builder */ = {
			isa = PBXGroup;
			children = (
				B6E70340265D242B00BD2D68 /* ModelBuilder.swift */,
			);
			path = Builder;
			sourceTree = "<group>";
		};
		C1BC77ADBC6299BA50FEC1D6 /* Frameworks */ = {
			isa = PBXGroup;
			children = (
				4C39F356318F944DCBDC8B3D /* Pods_Flickr.framework */,
			);
			name = Frameworks;
			sourceTree = "<group>";
		};
/* End PBXGroup section */

/* Begin PBXNativeTarget section */
		B6E7031E265D0F6B00BD2D68 /* Flickr */ = {
			isa = PBXNativeTarget;
			buildConfigurationList = B6E70333265D0F6D00BD2D68 /* Build configuration list for PBXNativeTarget "Flickr" */;
			buildPhases = (
				1BCD9D955716761A52B9290C /* [CP] Check Pods Manifest.lock */,
				B6E7031B265D0F6B00BD2D68 /* Sources */,
				B6E7031C265D0F6B00BD2D68 /* Frameworks */,
				B6E7031D265D0F6B00BD2D68 /* Resources */,
				66C4FDD9EFDBD7C53979C604 /* [CP] Embed Pods Frameworks */,
			);
			buildRules = (
			);
			dependencies = (
			);
			name = Flickr;
			productName = Flickr;
			productReference = B6E7031F265D0F6C00BD2D68 /* Flickr.app */;
			productType = "com.apple.product-type.application";
		};
/* End PBXNativeTarget section */

/* Begin PBXProject section */
		B6E70317265D0F6B00BD2D68 /* Project object */ = {
			isa = PBXProject;
			attributes = {
				LastSwiftUpdateCheck = 1250;
				LastUpgradeCheck = 1250;
				TargetAttributes = {
					B6E7031E265D0F6B00BD2D68 = {
						CreatedOnToolsVersion = 12.5;
					};
				};
			};
			buildConfigurationList = B6E7031A265D0F6B00BD2D68 /* Build configuration list for PBXProject "Flickr" */;
			compatibilityVersion = "Xcode 9.3";
			developmentRegion = en;
			hasScannedForEncodings = 0;
			knownRegions = (
				en,
				Base,
			);
			mainGroup = B6E70316265D0F6B00BD2D68;
			productRefGroup = B6E70320265D0F6C00BD2D68 /* Products */;
			projectDirPath = "";
			projectRoot = "";
			targets = (
				B6E7031E265D0F6B00BD2D68 /* Flickr */,
			);
		};
/* End PBXProject section */

/* Begin PBXResourcesBuildPhase section */
		B6E7031D265D0F6B00BD2D68 /* Resources */ = {
			isa = PBXResourcesBuildPhase;
			buildActionMask = 2147483647;
			files = (
				B68A1572265E052C00A80FBF /* Main.storyboard in Resources */,
				B6E7032F265D0F6D00BD2D68 /* LaunchScreen.storyboard in Resources */,
				B6E7032C265D0F6D00BD2D68 /* Assets.xcassets in Resources */,
			);
			runOnlyForDeploymentPostprocessing = 0;
		};
/* End PBXResourcesBuildPhase section */

/* Begin PBXShellScriptBuildPhase section */
		1BCD9D955716761A52B9290C /* [CP] Check Pods Manifest.lock */ = {
			isa = PBXShellScriptBuildPhase;
			buildActionMask = 2147483647;
			files = (
			);
			inputFileListPaths = (
			);
			inputPaths = (
				"${PODS_PODFILE_DIR_PATH}/Podfile.lock",
				"${PODS_ROOT}/Manifest.lock",
			);
			name = "[CP] Check Pods Manifest.lock";
			outputFileListPaths = (
			);
			outputPaths = (
				"$(DERIVED_FILE_DIR)/Pods-Flickr-checkManifestLockResult.txt",
			);
			runOnlyForDeploymentPostprocessing = 0;
			shellPath = /bin/sh;
			shellScript = "diff \"${PODS_PODFILE_DIR_PATH}/Podfile.lock\" \"${PODS_ROOT}/Manifest.lock\" > /dev/null\nif [ $? != 0 ] ; then\n    # print error to STDERR\n    echo \"error: The sandbox is not in sync with the Podfile.lock. Run 'pod install' or update your CocoaPods installation.\" >&2\n    exit 1\nfi\n# This output is used by Xcode 'outputs' to avoid re-running this script phase.\necho \"SUCCESS\" > \"${SCRIPT_OUTPUT_FILE_0}\"\n";
			showEnvVarsInLog = 0;
		};
		66C4FDD9EFDBD7C53979C604 /* [CP] Embed Pods Frameworks */ = {
			isa = PBXShellScriptBuildPhase;
			buildActionMask = 2147483647;
			files = (
			);
			inputFileListPaths = (
				"${PODS_ROOT}/Target Support Files/Pods-Flickr/Pods-Flickr-frameworks-${CONFIGURATION}-input-files.xcfilelist",
			);
			name = "[CP] Embed Pods Frameworks";
			outputFileListPaths = (
				"${PODS_ROOT}/Target Support Files/Pods-Flickr/Pods-Flickr-frameworks-${CONFIGURATION}-output-files.xcfilelist",
			);
			runOnlyForDeploymentPostprocessing = 0;
			shellPath = /bin/sh;
			shellScript = "\"${PODS_ROOT}/Target Support Files/Pods-Flickr/Pods-Flickr-frameworks.sh\"\n";
			showEnvVarsInLog = 0;
		};
/* End PBXShellScriptBuildPhase section */

/* Begin PBXSourcesBuildPhase section */
		B6E7031B265D0F6B00BD2D68 /* Sources */ = {
			isa = PBXSourcesBuildPhase;
			buildActionMask = 2147483647;
			files = (
				B68A1570265DFA5C00A80FBF /* TableViewCell.swift in Sources */,
				B6AB07F42664C2A500EA1E8B /* SearchCell.swift in Sources */,
				B64D169D266559F200B08D5A /* DetailedVC.swift in Sources */,
				B6E70349265D440B00BD2D68 /* SearchVC.swift in Sources */,
				B692C9B32662AE710069B1D8 /* CollectionViewCell.swift in Sources */,
				B6E70343265D249700BD2D68 /* TablePresenter.swift in Sources */,
				B603C70E265D843100B5B715 /* NetworkManager.swift in Sources */,
				B6E7034B265D443400BD2D68 /* SearchPresenter.swift in Sources */,
				B6E70347265D43F900BD2D68 /* CollectionPresenter.swift in Sources */,
				B6E70327265D0F6C00BD2D68 /* TableVC.swift in Sources */,
				B603C713265DA62700B5B715 /* PhotoModel.swift in Sources */,
				B606FA242661461300398724 /* NetworkManagerAF.swift in Sources */,
				B6E70341265D242B00BD2D68 /* ModelBuilder.swift in Sources */,
				B6E70323265D0F6C00BD2D68 /* AppDelegate.swift in Sources */,
				B603C711265D847D00B5B715 /* Constant.swift in Sources */,
				B64D1699266559B000B08D5A /* DetailedPresenter.swift in Sources */,
				B6E70345265D43AF00BD2D68 /* CollectionVC.swift in Sources */,
				B6E70325265D0F6C00BD2D68 /* SceneDelegate.swift in Sources */,
			);
			runOnlyForDeploymentPostprocessing = 0;
		};
/* End PBXSourcesBuildPhase section */

/* Begin PBXVariantGroup section */
		B6E70328265D0F6C00BD2D68 /* Main.storyboard */ = {
			isa = PBXVariantGroup;
			children = (
				B6E70329265D0F6C00BD2D68 /* Base */,
			);
			name = Main.storyboard;
			sourceTree = "<group>";
		};
		B6E7032D265D0F6D00BD2D68 /* LaunchScreen.storyboard */ = {
			isa = PBXVariantGroup;
			children = (
				B6E7032E265D0F6D00BD2D68 /* Base */,
			);
			name = LaunchScreen.storyboard;
			sourceTree = "<group>";
		};
/* End PBXVariantGroup section */

/* Begin XCBuildConfiguration section */
		B6E70331265D0F6D00BD2D68 /* Debug */ = {
			isa = XCBuildConfiguration;
			buildSettings = {
				ALWAYS_SEARCH_USER_PATHS = NO;
				CLANG_ANALYZER_NONNULL = YES;
				CLANG_ANALYZER_NUMBER_OBJECT_CONVERSION = YES_AGGRESSIVE;
				CLANG_CXX_LANGUAGE_STANDARD = "gnu++14";
				CLANG_CXX_LIBRARY = "libc++";
				CLANG_ENABLE_MODULES = YES;
				CLANG_ENABLE_OBJC_ARC = YES;
				CLANG_ENABLE_OBJC_WEAK = YES;
				CLANG_WARN_BLOCK_CAPTURE_AUTORELEASING = YES;
				CLANG_WARN_BOOL_CONVERSION = YES;
				CLANG_WARN_COMMA = YES;
				CLANG_WARN_CONSTANT_CONVERSION = YES;
				CLANG_WARN_DEPRECATED_OBJC_IMPLEMENTATIONS = YES;
				CLANG_WARN_DIRECT_OBJC_ISA_USAGE = YES_ERROR;
				CLANG_WARN_DOCUMENTATION_COMMENTS = YES;
				CLANG_WARN_EMPTY_BODY = YES;
				CLANG_WARN_ENUM_CONVERSION = YES;
				CLANG_WARN_INFINITE_RECURSION = YES;
				CLANG_WARN_INT_CONVERSION = YES;
				CLANG_WARN_NON_LITERAL_NULL_CONVERSION = YES;
				CLANG_WARN_OBJC_IMPLICIT_RETAIN_SELF = YES;
				CLANG_WARN_OBJC_LITERAL_CONVERSION = YES;
				CLANG_WARN_OBJC_ROOT_CLASS = YES_ERROR;
				CLANG_WARN_QUOTED_INCLUDE_IN_FRAMEWORK_HEADER = YES;
				CLANG_WARN_RANGE_LOOP_ANALYSIS = YES;
				CLANG_WARN_STRICT_PROTOTYPES = YES;
				CLANG_WARN_SUSPICIOUS_MOVE = YES;
				CLANG_WARN_UNGUARDED_AVAILABILITY = YES_AGGRESSIVE;
				CLANG_WARN_UNREACHABLE_CODE = YES;
				CLANG_WARN__DUPLICATE_METHOD_MATCH = YES;
				COPY_PHASE_STRIP = NO;
				DEBUG_INFORMATION_FORMAT = dwarf;
				ENABLE_STRICT_OBJC_MSGSEND = YES;
				ENABLE_TESTABILITY = YES;
				GCC_C_LANGUAGE_STANDARD = gnu11;
				GCC_DYNAMIC_NO_PIC = NO;
				GCC_NO_COMMON_BLOCKS = YES;
				GCC_OPTIMIZATION_LEVEL = 0;
				GCC_PREPROCESSOR_DEFINITIONS = (
					"DEBUG=1",
					"$(inherited)",
				);
				GCC_WARN_64_TO_32_BIT_CONVERSION = YES;
				GCC_WARN_ABOUT_RETURN_TYPE = YES_ERROR;
				GCC_WARN_UNDECLARED_SELECTOR = YES;
				GCC_WARN_UNINITIALIZED_AUTOS = YES_AGGRESSIVE;
				GCC_WARN_UNUSED_FUNCTION = YES;
				GCC_WARN_UNUSED_VARIABLE = YES;
				IPHONEOS_DEPLOYMENT_TARGET = 14.5;
				MTL_ENABLE_DEBUG_INFO = INCLUDE_SOURCE;
				MTL_FAST_MATH = YES;
				ONLY_ACTIVE_ARCH = YES;
				SDKROOT = iphoneos;
				SWIFT_ACTIVE_COMPILATION_CONDITIONS = DEBUG;
				SWIFT_OPTIMIZATION_LEVEL = "-Onone";
			};
			name = Debug;
		};
		B6E70332265D0F6D00BD2D68 /* Release */ = {
			isa = XCBuildConfiguration;
			buildSettings = {
				ALWAYS_SEARCH_USER_PATHS = NO;
				CLANG_ANALYZER_NONNULL = YES;
				CLANG_ANALYZER_NUMBER_OBJECT_CONVERSION = YES_AGGRESSIVE;
				CLANG_CXX_LANGUAGE_STANDARD = "gnu++14";
				CLANG_CXX_LIBRARY = "libc++";
				CLANG_ENABLE_MODULES = YES;
				CLANG_ENABLE_OBJC_ARC = YES;
				CLANG_ENABLE_OBJC_WEAK = YES;
				CLANG_WARN_BLOCK_CAPTURE_AUTORELEASING = YES;
				CLANG_WARN_BOOL_CONVERSION = YES;
				CLANG_WARN_COMMA = YES;
				CLANG_WARN_CONSTANT_CONVERSION = YES;
				CLANG_WARN_DEPRECATED_OBJC_IMPLEMENTATIONS = YES;
				CLANG_WARN_DIRECT_OBJC_ISA_USAGE = YES_ERROR;
				CLANG_WARN_DOCUMENTATION_COMMENTS = YES;
				CLANG_WARN_EMPTY_BODY = YES;
				CLANG_WARN_ENUM_CONVERSION = YES;
				CLANG_WARN_INFINITE_RECURSION = YES;
				CLANG_WARN_INT_CONVERSION = YES;
				CLANG_WARN_NON_LITERAL_NULL_CONVERSION = YES;
				CLANG_WARN_OBJC_IMPLICIT_RETAIN_SELF = YES;
				CLANG_WARN_OBJC_LITERAL_CONVERSION = YES;
				CLANG_WARN_OBJC_ROOT_CLASS = YES_ERROR;
				CLANG_WARN_QUOTED_INCLUDE_IN_FRAMEWORK_HEADER = YES;
				CLANG_WARN_RANGE_LOOP_ANALYSIS = YES;
				CLANG_WARN_STRICT_PROTOTYPES = YES;
				CLANG_WARN_SUSPICIOUS_MOVE = YES;
				CLANG_WARN_UNGUARDED_AVAILABILITY = YES_AGGRESSIVE;
				CLANG_WARN_UNREACHABLE_CODE = YES;
				CLANG_WARN__DUPLICATE_METHOD_MATCH = YES;
				COPY_PHASE_STRIP = NO;
				DEBUG_INFORMATION_FORMAT = "dwarf-with-dsym";
				ENABLE_NS_ASSERTIONS = NO;
				ENABLE_STRICT_OBJC_MSGSEND = YES;
				GCC_C_LANGUAGE_STANDARD = gnu11;
				GCC_NO_COMMON_BLOCKS = YES;
				GCC_WARN_64_TO_32_BIT_CONVERSION = YES;
				GCC_WARN_ABOUT_RETURN_TYPE = YES_ERROR;
				GCC_WARN_UNDECLARED_SELECTOR = YES;
				GCC_WARN_UNINITIALIZED_AUTOS = YES_AGGRESSIVE;
				GCC_WARN_UNUSED_FUNCTION = YES;
				GCC_WARN_UNUSED_VARIABLE = YES;
				IPHONEOS_DEPLOYMENT_TARGET = 14.5;
				MTL_ENABLE_DEBUG_INFO = NO;
				MTL_FAST_MATH = YES;
				SDKROOT = iphoneos;
				SWIFT_COMPILATION_MODE = wholemodule;
				SWIFT_OPTIMIZATION_LEVEL = "-O";
				VALIDATE_PRODUCT = YES;
			};
			name = Release;
		};
		B6E70334265D0F6D00BD2D68 /* Debug */ = {
			isa = XCBuildConfiguration;
			baseConfigurationReference = DA09BFABAC41B9265416B8C6 /* Pods-Flickr.debug.xcconfig */;
			buildSettings = {
				ASSETCATALOG_COMPILER_APPICON_NAME = AppIcon;
				ASSETCATALOG_COMPILER_GLOBAL_ACCENT_COLOR_NAME = AccentColor;
				CODE_SIGN_STYLE = Automatic;
				INFOPLIST_FILE = "$(SRCROOT)/Flickr/SupportingFiles/Info.plist";
				LD_RUNPATH_SEARCH_PATHS = (
					"$(inherited)",
					"@executable_path/Frameworks",
				);
				PRODUCT_BUNDLE_IDENTIFIER = DK.Flickr;
				PRODUCT_NAME = "$(TARGET_NAME)";
				SWIFT_VERSION = 5.0;
				TARGETED_DEVICE_FAMILY = 1;
			};
			name = Debug;
		};
		B6E70335265D0F6D00BD2D68 /* Release */ = {
			isa = XCBuildConfiguration;
			baseConfigurationReference = 609E952D04A1C0BB7B7C056C /* Pods-Flickr.release.xcconfig */;
			buildSettings = {
				ASSETCATALOG_COMPILER_APPICON_NAME = AppIcon;
				ASSETCATALOG_COMPILER_GLOBAL_ACCENT_COLOR_NAME = AccentColor;
				CODE_SIGN_STYLE = Automatic;
				INFOPLIST_FILE = "$(SRCROOT)/Flickr/SupportingFiles/Info.plist";
				LD_RUNPATH_SEARCH_PATHS = (
					"$(inherited)",
					"@executable_path/Frameworks",
				);
				PRODUCT_BUNDLE_IDENTIFIER = DK.Flickr;
				PRODUCT_NAME = "$(TARGET_NAME)";
				SWIFT_VERSION = 5.0;
				TARGETED_DEVICE_FAMILY = 1;
			};
			name = Release;
		};
/* End XCBuildConfiguration section */

/* Begin XCConfigurationList section */
		B6E7031A265D0F6B00BD2D68 /* Build configuration list for PBXProject "Flickr" */ = {
			isa = XCConfigurationList;
			buildConfigurations = (
				B6E70331265D0F6D00BD2D68 /* Debug */,
				B6E70332265D0F6D00BD2D68 /* Release */,
			);
			defaultConfigurationIsVisible = 0;
			defaultConfigurationName = Release;
		};
		B6E70333265D0F6D00BD2D68 /* Build configuration list for PBXNativeTarget "Flickr" */ = {
			isa = XCConfigurationList;
			buildConfigurations = (
				B6E70334265D0F6D00BD2D68 /* Debug */,
				B6E70335265D0F6D00BD2D68 /* Release */,
			);
			defaultConfigurationIsVisible = 0;
			defaultConfigurationName = Release;
		};
/* End XCConfigurationList section */
	};
	rootObject = B6E70317265D0F6B00BD2D68 /* Project object */;
}
